
Microsoft Visual Studio Solution File, Format Version 12.00
# Visual Studio 15
VisualStudioVersion = 15.0.28010.2050
MinimumVisualStudioVersion = 10.0.40219.1
Project("{FAE04EC0-301F-11D3-BF4B-00C04F79EFBC}") = "DataAccess", "DataAccess\DataAccess.csproj", "{FBCAE7DD-44C9-46DE-AE32-0E9D30DB6032}"
EndProject
Project("{FAE04EC0-301F-11D3-BF4B-00C04F79EFBC}") = "GUI", "GUI\GUI.csproj", "{4A9F7FB1-E6DD-4789-8F0A-153B862FD38D}"
EndProject
Project("{FAE04EC0-301F-11D3-BF4B-00C04F79EFBC}") = "BusinessLogic", "BusinessLogic\BusinessLogic.csproj", "{BD1FA036-C42C-45B8-AF18-50A46C49989C}"
EndProject
Project("{FAE04EC0-301F-11D3-BF4B-00C04F79EFBC}") = "BusinessLogic.Tests", "BusinessLogic.Tests\BusinessLogic.Tests.csproj", "{9A179C0D-421C-4AFC-9FA4-208AC422E28E}"
EndProject
Global
	GlobalSection(SolutionConfigurationPlatforms) = preSolution
		Debug|Any CPU = Debug|Any CPU
		Release|Any CPU = Release|Any CPU
	EndGlobalSection
	GlobalSection(ProjectConfigurationPlatforms) = postSolution
		{FBCAE7DD-44C9-46DE-AE32-0E9D30DB6032}.Debug|Any CPU.ActiveCfg = Debug|Any CPU
		{FBCAE7DD-44C9-46DE-AE32-0E9D30DB6032}.Debug|Any CPU.Build.0 = Debug|Any CPU
		{FBCAE7DD-44C9-46DE-AE32-0E9D30DB6032}.Release|Any CPU.ActiveCfg = Release|Any CPU
		{FBCAE7DD-44C9-46DE-AE32-0E9D30DB6032}.Release|Any CPU.Build.0 = Release|Any CPU
		{4A9F7FB1-E6DD-4789-8F0A-153B862FD38D}.Debug|Any CPU.ActiveCfg = Debug|Any CPU
		{4A9F7FB1-E6DD-4789-8F0A-153B862FD38D}.Debug|Any CPU.Build.0 = Debug|Any CPU
		{4A9F7FB1-E6DD-4789-8F0A-153B862FD38D}.Release|Any CPU.ActiveCfg = Release|Any CPU
		{4A9F7FB1-E6DD-4789-8F0A-153B862FD38D}.Release|Any CPU.Build.0 = Release|Any CPU
		{BD1FA036-C42C-45B8-AF18-50A46C49989C}.Debug|Any CPU.ActiveCfg = Debug|Any CPU
		{BD1FA036-C42C-45B8-AF18-50A46C49989C}.Debug|Any CPU.Build.0 = Debug|Any CPU
		{BD1FA036-C42C-45B8-AF18-50A46C49989C}.Release|Any CPU.ActiveCfg = Release|Any CPU
		{BD1FA036-C42C-45B8-AF18-50A46C49989C}.Release|Any CPU.Build.0 = Release|Any CPU
		{9A179C0D-421C-4AFC-9FA4-208AC422E28E}.Debug|Any CPU.ActiveCfg = Debug|Any CPU
		{9A179C0D-421C-4AFC-9FA4-208AC422E28E}.Debug|Any CPU.Build.0 = Debug|Any CPU
		{9A179C0D-421C-4AFC-9FA4-208AC422E28E}.Release|Any CPU.ActiveCfg = Release|Any CPU
		{9A179C0D-421C-4AFC-9FA4-208AC422E28E}.Release|Any CPU.Build.0 = Release|Any CPU
	EndGlobalSection
	GlobalSection(SolutionProperties) = preSolution
		HideSolutionNode = FALSE
	EndGlobalSection
	GlobalSection(ExtensibilityGlobals) = postSolution
		SolutionGuid = {82951D5E-8802-4BDE-8C17-FDD01EA40C97}
	EndGlobalSection
EndGlobal
